// !$*UTF8*$!
{
	archiveVersion = 1;
	classes = {
	};
	objectVersion = 46;
	objects = {

/* Begin PBXBuildFile section */
		A7CB73A01A94580900AAEA32 /* main.m in Sources */ = {isa = PBXBuildFile; fileRef = A7CB739F1A94580900AAEA32 /* main.m */; };
		A7CB73A31A94580900AAEA32 /* AppDelegate.m in Sources */ = {isa = PBXBuildFile; fileRef = A7CB73A21A94580900AAEA32 /* AppDelegate.m */; };
		A7CB73A61A94580900AAEA32 /* ViewController.m in Sources */ = {isa = PBXBuildFile; fileRef = A7CB73A51A94580900AAEA32 /* ViewController.m */; };
		A7CB73A91A94580900AAEA32 /* Main.storyboard in Resources */ = {isa = PBXBuildFile; fileRef = A7CB73A71A94580900AAEA32 /* Main.storyboard */; };
		A7CB73AB1A94580900AAEA32 /* Images.xcassets in Resources */ = {isa = PBXBuildFile; fileRef = A7CB73AA1A94580900AAEA32 /* Images.xcassets */; };
		A7CB73AE1A94580900AAEA32 /* LaunchScreen.xib in Resources */ = {isa = PBXBuildFile; fileRef = A7CB73AC1A94580900AAEA32 /* LaunchScreen.xib */; };
		A7CB73BA1A94580900AAEA32 /* testTests.m in Sources */ = {isa = PBXBuildFile; fileRef = A7CB73B91A94580900AAEA32 /* testTests.m */; };
/* End PBXBuildFile section */

/* Begin PBXContainerItemProxy section */
		A7CB73B41A94580900AAEA32 /* PBXContainerItemProxy */ = {
			isa = PBXContainerItemProxy;
			containerPortal = A7CB73921A94580900AAEA32 /* Project object */;
			proxyType = 1;
			remoteGlobalIDString = A7CB73991A94580900AAEA32;
			remoteInfo = test;
		};
/* End PBXContainerItemProxy section */

/* Begin PBXFileReference section */
		A7CB739A1A94580900AAEA32 /* test.app */ = {isa = PBXFileReference; explicitFileType = wrapper.application; includeInIndex = 0; path = test.app; sourceTree = BUILT_PRODUCTS_DIR; };
		A7CB739E1A94580900AAEA32 /* Info.plist */ = {isa = PBXFileReference; lastKnownFileType = text.plist.xml; path = Info.plist; sourceTree = "<group>"; };
		A7CB739F1A94580900AAEA32 /* main.m */ = {isa = PBXFileReference; lastKnownFileType = sourcecode.c.objc; path = main.m; sourceTree = "<group>"; };
		A7CB73A11A94580900AAEA32 /* AppDelegate.h */ = {isa = PBXFileReference; lastKnownFileType = sourcecode.c.h; path = AppDelegate.h; sourceTree = "<group>"; };
		A7CB73A21A94580900AAEA32 /* AppDelegate.m */ = {isa = PBXFileReference; lastKnownFileType = sourcecode.c.objc; path = AppDelegate.m; sourceTree = "<group>"; };
		A7CB73A41A94580900AAEA32 /* ViewController.h */ = {isa = PBXFileReference; lastKnownFileType = sourcecode.c.h; path = ViewController.h; sourceTree = "<group>"; };
		A7CB73A51A94580900AAEA32 /* ViewController.m */ = {isa = PBXFileReference; lastKnownFileType = sourcecode.c.objc; path = ViewController.m; sourceTree = "<group>"; };
		A7CB73A81A94580900AAEA32 /* Base */ = {isa = PBXFileReference; lastKnownFileType = file.storyboard; name = Base; path = Base.lproj/Main.storyboard; sourceTree = "<group>"; };
		A7CB73AA1A94580900AAEA32 /* Images.xcassets */ = {isa = PBXFileReference; lastKnownFileType = folder.assetcatalog; path = Images.xcassets; sourceTree = "<group>"; };
		A7CB73AD1A94580900AAEA32 /* Base */ = {isa = PBXFileReference; lastKnownFileType = file.xib; name = Base; path = Base.lproj/LaunchScreen.xib; sourceTree = "<group>"; };
		A7CB73B31A94580900AAEA32 /* testTests.xctest */ = {isa = PBXFileReference; explicitFileType = wrapper.cfbundle; includeInIndex = 0; path = testTests.xctest; sourceTree = BUILT_PRODUCTS_DIR; };
		A7CB73B81A94580900AAEA32 /* Info.plist */ = {isa = PBXFileReference; lastKnownFileType = text.plist.xml; path = Info.plist; sourceTree = "<group>"; };
		A7CB73B91A94580900AAEA32 /* testTests.m */ = {isa = PBXFileReference; lastKnownFileType = sourcecode.c.objc; path = testTests.m; sourceTree = "<group>"; };
/* End PBXFileReference section */

/* Begin PBXFrameworksBuildPhase section */
		A7CB73971A94580900AAEA32 /* Frameworks */ = {
			isa = PBXFrameworksBuildPhase;
			buildActionMask = 2147483647;
			files = (
			);
			runOnlyForDeploymentPostprocessing = 0;
		};
		A7CB73B01A94580900AAEA32 /* Frameworks */ = {
			isa = PBXFrameworksBuildPhase;
			buildActionMask = 2147483647;
			files = (
			);
			runOnlyForDeploymentPostprocessing = 0;
		};
/* End PBXFrameworksBuildPhase section */

/* Begin PBXGroup section */
		A7CB73911A94580900AAEA32 = {
			isa = PBXGroup;
			children = (
				A7CB739C1A94580900AAEA32 /* test */,
				A7CB73B61A94580900AAEA32 /* testTests */,
				A7CB739B1A94580900AAEA32 /* Products */,
			);
			sourceTree = "<group>";
		};
		A7CB739B1A94580900AAEA32 /* Products */ = {
			isa = PBXGroup;
			children = (
				A7CB739A1A94580900AAEA32 /* test.app */,
				A7CB73B31A94580900AAEA32 /* testTests.xctest */,
			);
			name = Products;
			sourceTree = "<group>";
		};
		A7CB739C1A94580900AAEA32 /* test */ = {
			isa = PBXGroup;
			children = (
				A7CB73A11A94580900AAEA32 /* AppDelegate.h */,
				A7CB73A21A94580900AAEA32 /* AppDelegate.m */,
				A7CB73A41A94580900AAEA32 /* ViewController.h */,
				A7CB73A51A94580900AAEA32 /* ViewController.m */,
				A7CB73A71A94580900AAEA32 /* Main.storyboard */,
				A7CB73AA1A94580900AAEA32 /* Images.xcassets */,
				A7CB73AC1A94580900AAEA32 /* LaunchScreen.xib */,
				A7CB739D1A94580900AAEA32 /* Supporting Files */,
			);
			path = test;
			sourceTree = "<group>";
		};
		A7CB739D1A94580900AAEA32 /* Supporting Files */ = {
			isa = PBXGroup;
			children = (
				A7CB739E1A94580900AAEA32 /* Info.plist */,
				A7CB739F1A94580900AAEA32 /* main.m */,
			);
			name = "Supporting Files";
			sourceTree = "<group>";
		};
		A7CB73B61A94580900AAEA32 /* testTests */ = {
			isa = PBXGroup;
			children = (
				A7CB73B91A94580900AAEA32 /* testTests.m */,
				A7CB73B71A94580900AAEA32 /* Supporting Files */,
			);
			path = testTests;
			sourceTree = "<group>";
		};
		A7CB73B71A94580900AAEA32 /* Supporting Files */ = {
			isa = PBXGroup;
			children = (
				A7CB73B81A94580900AAEA32 /* Info.plist */,
			);
			name = "Supporting Files";
			sourceTree = "<group>";
		};
/* End PBXGroup section */

/* Begin PBXNativeTarget section */
		A7CB73991A94580900AAEA32 /* test */ = {
			isa = PBXNativeTarget;
			buildConfigurationList = A7CB73BD1A94580900AAEA32 /* Build configuration list for PBXNativeTarget "test" */;
			buildPhases = (
				A7CB73961A94580900AAEA32 /* Sources */,
				A7CB73971A94580900AAEA32 /* Frameworks */,
				A7CB73981A94580900AAEA32 /* Resources */,
			);
			buildRules = (
			);
			dependencies = (
			);
			name = test;
			productName = test;
			productReference = A7CB739A1A94580900AAEA32 /* test.app */;
			productType = "com.apple.product-type.application";
		};
		A7CB73B21A94580900AAEA32 /* testTests */ = {
			isa = PBXNativeTarget;
			buildConfigurationList = A7CB73C01A94580900AAEA32 /* Build configuration list for PBXNativeTarget "testTests" */;
			buildPhases = (
				A7CB73AF1A94580900AAEA32 /* Sources */,
				A7CB73B01A94580900AAEA32 /* Frameworks */,
				A7CB73B11A94580900AAEA32 /* Resources */,
			);
			buildRules = (
			);
			dependencies = (
				A7CB73B51A94580900AAEA32 /* PBXTargetDependency */,
			);
			name = testTests;
			productName = testTests;
			productReference = A7CB73B31A94580900AAEA32 /* testTests.xctest */;
			productType = "com.apple.product-type.bundle.unit-test";
		};
/* End PBXNativeTarget section */

/* Begin PBXProject section */
		A7CB73921A94580900AAEA32 /* Project object */ = {
			isa = PBXProject;
			attributes = {
				LastUpgradeCheck = 0610;
				ORGANIZATIONNAME = oka.shinichiro;
				TargetAttributes = {
					A7CB73991A94580900AAEA32 = {
						CreatedOnToolsVersion = 6.1.1;
					};
					A7CB73B21A94580900AAEA32 = {
						CreatedOnToolsVersion = 6.1.1;
						TestTargetID = A7CB73991A94580900AAEA32;
					};
				};
			};
			buildConfigurationList = A7CB73951A94580900AAEA32 /* Build configuration list for PBXProject "test" */;
			compatibilityVersion = "Xcode 3.2";
			developmentRegion = English;
			hasScannedForEncodings = 0;
			knownRegions = (
				en,
				Base,
			);
			mainGroup = A7CB73911A94580900AAEA32;
			productRefGroup = A7CB739B1A94580900AAEA32 /* Products */;
			projectDirPath = "";
			projectRoot = "";
			targets = (
				A7CB73991A94580900AAEA32 /* test */,
				A7CB73B21A94580900AAEA32 /* testTests */,
			);
		};
/* End PBXProject section */

/* Begin PBXResourcesBuildPhase section */
		A7CB73981A94580900AAEA32 /* Resources */ = {
			isa = PBXResourcesBuildPhase;
			buildActionMask = 2147483647;
			files = (
				A7CB73A91A94580900AAEA32 /* Main.storyboard in Resources */,
				A7CB73AE1A94580900AAEA32 /* LaunchScreen.xib in Resources */,
				A7CB73AB1A94580900AAEA32 /* Images.xcassets in Resources */,
			);
			runOnlyForDeploymentPostprocessing = 0;
		};
		A7CB73B11A94580900AAEA32 /* Resources */ = {
			isa = PBXResourcesBuildPhase;
			buildActionMask = 2147483647;
			files = (
			);
			runOnlyForDeploymentPostprocessing = 0;
		};
/* End PBXResourcesBuildPhase section */

/* Begin PBXSourcesBuildPhase section */
		A7CB73961A94580900AAEA32 /* Sources */ = {
			isa = PBXSourcesBuildPhase;
			buildActionMask = 2147483647;
			files = (
				A7CB73A61A94580900AAEA32 /* ViewController.m in Sources */,
				A7CB73A31A94580900AAEA32 /* AppDelegate.m in Sources */,
				A7CB73A01A94580900AAEA32 /* main.m in Sources */,
			);
			runOnlyForDeploymentPostprocessing = 0;
		};
		A7CB73AF1A94580900AAEA32 /* Sources */ = {
			isa = PBXSourcesBuildPhase;
			buildActionMask = 2147483647;
			files = (
				A7CB73BA1A94580900AAEA32 /* testTests.m in Sources */,
			);
			runOnlyForDeploymentPostprocessing = 0;
		};
/* End PBXSourcesBuildPhase section */

/* Begin PBXTargetDependency section */
		A7CB73B51A94580900AAEA32 /* PBXTargetDependency */ = {
			isa = PBXTargetDependency;
			target = A7CB73991A94580900AAEA32 /* test */;
			targetProxy = A7CB73B41A94580900AAEA32 /* PBXContainerItemProxy */;
		};
/* End PBXTargetDependency section */

/* Begin PBXVariantGroup section */
		A7CB73A71A94580900AAEA32 /* Main.storyboard */ = {
			isa = PBXVariantGroup;
			children = (
				A7CB73A81A94580900AAEA32 /* Base */,
			);
			name = Main.storyboard;
			sourceTree = "<group>";
		};
		A7CB73AC1A94580900AAEA32 /* LaunchScreen.xib */ = {
			isa = PBXVariantGroup;
			children = (
				A7CB73AD1A94580900AAEA32 /* Base */,
			);
			name = LaunchScreen.xib;
			sourceTree = "<group>";
		};
/* End PBXVariantGroup section */

/* Begin XCBuildConfiguration section */
		A7CB73BB1A94580900AAEA32 /* Debug */ = {
			isa = XCBuildConfiguration;
			buildSettings = {
				ALWAYS_SEARCH_USER_PATHS = NO;
				CLANG_CXX_LANGUAGE_STANDARD = "gnu++0x";
				CLANG_CXX_LIBRARY = "libc++";
				CLANG_ENABLE_MODULES = YES;
				CLANG_ENABLE_OBJC_ARC = YES;
				CLANG_WARN_BOOL_CONVERSION = YES;
				CLANG_WARN_CONSTANT_CONVERSION = YES;
				CLANG_WARN_DIRECT_OBJC_ISA_USAGE = YES_ERROR;
				CLANG_WARN_EMPTY_BODY = YES;
				CLANG_WARN_ENUM_CONVERSION = YES;
				CLANG_WARN_INT_CONVERSION = YES;
				CLANG_WARN_OBJC_ROOT_CLASS = YES_ERROR;
				CLANG_WARN_UNREACHABLE_CODE = YES;
				CLANG_WARN__DUPLICATE_METHOD_MATCH = YES;
				"CODE_SIGN_IDENTITY[sdk=iphoneos*]" = "iPhone Developer";
				COPY_PHASE_STRIP = NO;
				ENABLE_STRICT_OBJC_MSGSEND = YES;
				GCC_C_LANGUAGE_STANDARD = gnu99;
				GCC_DYNAMIC_NO_PIC = NO;
				GCC_OPTIMIZATION_LEVEL = 0;
				GCC_PREPROCESSOR_DEFINITIONS = (
					"DEBUG=1",
					"$(inherited)",
				);
				GCC_SYMBOLS_PRIVATE_EXTERN = NO;
				GCC_WARN_64_TO_32_BIT_CONVERSION = YES;
				GCC_WARN_ABOUT_RETURN_TYPE = YES_ERROR;
				GCC_WARN_UNDECLARED_SELECTOR = YES;
				GCC_WARN_UNINITIALIZED_AUTOS = YES_AGGRESSIVE;
				GCC_WARN_UNUSED_FUNCTION = YES;
				GCC_WARN_UNUSED_VARIABLE = YES;
				IPHONEOS_DEPLOYMENT_TARGET = 8.1;
				MTL_ENABLE_DEBUG_INFO = YES;
				ONLY_ACTIVE_ARCH = YES;
				SDKROOT = iphoneos;
			};
			name = Debug;
		};
		A7CB73BC1A94580900AAEA32 /* Release */ = {
			isa = XCBuildConfiguration;
			buildSettings = {
				ALWAYS_SEARCH_USER_PATHS = NO;
				CLANG_CXX_LANGUAGE_STANDARD = "gnu++0x";
				CLANG_CXX_LIBRARY = "libc++";
				CLANG_ENABLE_MODULES = YES;
				CLANG_ENABLE_OBJC_ARC = YES;
				CLANG_WARN_BOOL_CONVERSION = YES;
				CLANG_WARN_CONSTANT_CONVERSION = YES;
				CLANG_WARN_DIRECT_OBJC_ISA_USAGE = YES_ERROR;
				CLANG_WARN_EMPTY_BODY = YES;
				CLANG_WARN_ENUM_CONVERSION = YES;
				CLANG_WARN_INT_CONVERSION = YES;
				CLANG_WARN_OBJC_ROOT_CLASS = YES_ERROR;
				CLANG_WARN_UNREACHABLE_CODE = YES;
				CLANG_WARN__DUPLICATE_METHOD_MATCH = YES;
				"CODE_SIGN_IDENTITY[sdk=iphoneos*]" = "iPhone Developer";
				COPY_PHASE_STRIP = YES;
				ENABLE_NS_ASSERTIONS = NO;
				ENABLE_STRICT_OBJC_MSGSEND = YES;
				GCC_C_LANGUAGE_STANDARD = gnu99;
				GCC_WARN_64_TO_32_BIT_CONVERSION = YES;
				GCC_WARN_ABOUT_RETURN_TYPE = YES_ERROR;
				GCC_WARN_UNDECLARED_SELECTOR = YES;
				GCC_WARN_UNINITIALIZED_AUTOS = YES_AGGRESSIVE;
				GCC_WARN_UNUSED_FUNCTION = YES;
				GCC_WARN_UNUSED_VARIABLE = YES;
				IPHONEOS_DEPLOYMENT_TARGET = 8.1;
				MTL_ENABLE_DEBUG_INFO = NO;
				SDKROOT = iphoneos;
				VALIDATE_PRODUCT = YES;
			};
			name = Release;
		};
		A7CB73BE1A94580900AAEA32 /* Debug */ = {
			isa = XCBuildConfiguration;
			buildSettings = {
				ASSETCATALOG_COMPILER_APPICON_NAME = AppIcon;
				INFOPLIST_FILE = test/Info.plist;
				LD_RUNPATH_SEARCH_PATHS = "$(inherited) @executable_path/Frameworks";
				PRODUCT_NAME = "$(TARGET_NAME)";
			};
			name = Debug;
		};
		A7CB73BF1A94580900AAEA32 /* Release */ = {
			isa = XCBuildConfiguration;
			buildSettings = {
				ASSETCATALOG_COMPILER_APPICON_NAME = AppIcon;
				INFOPLIST_FILE = test/Info.plist;
				LD_RUNPATH_SEARCH_PATHS = "$(inherited) @executable_path/Frameworks";
				PRODUCT_NAME = "$(TARGET_NAME)";
			};
			name = Release;
		};
		A7CB73C11A94580900AAEA32 /* Debug */ = {
			isa = XCBuildConfiguration;
			buildSettings = {
				BUNDLE_LOADER = "$(TEST_HOST)";
				FRAMEWORK_SEARCH_PATHS = (
					"$(SDKROOT)/Developer/Library/Frameworks",
					"$(inherited)",
				);
				GCC_PREPROCESSOR_DEFINITIONS = (
					"DEBUG=1",
					"$(inherited)",
				);
				INFOPLIST_FILE = testTests/Info.plist;
				LD_RUNPATH_SEARCH_PATHS = "$(inherited) @executable_path/Frameworks @loader_path/Frameworks";
				PRODUCT_NAME = "$(TARGET_NAME)";
				TEST_HOST = "$(BUILT_PRODUCTS_DIR)/test.app/test";
			};
			name = Debug;
		};
		A7CB73C21A94580900AAEA32 /* Release */ = {
			isa = XCBuildConfiguration;
			buildSettings = {
				BUNDLE_LOADER = "$(TEST_HOST)";
				FRAMEWORK_SEARCH_PATHS = (
					"$(SDKROOT)/Developer/Library/Frameworks",
					"$(inherited)",
				);
				INFOPLIST_FILE = testTests/Info.plist;
				LD_RUNPATH_SEARCH_PATHS = "$(inherited) @executable_path/Frameworks @loader_path/Frameworks";
				PRODUCT_NAME = "$(TARGET_NAME)";
				TEST_HOST = "$(BUILT_PRODUCTS_DIR)/test.app/test";
			};
			name = Release;
		};
/* End XCBuildConfiguration section */

/* Begin XCConfigurationList section */
		A7CB73951A94580900AAEA32 /* Build configuration list for PBXProject "test" */ = {
			isa = XCConfigurationList;
			buildConfigurations = (
				A7CB73BB1A94580900AAEA32 /* Debug */,
				A7CB73BC1A94580900AAEA32 /* Release */,
			);
			defaultConfigurationIsVisible = 0;
			defaultConfigurationName = Release;
		};
		A7CB73BD1A94580900AAEA32 /* Build configuration list for PBXNativeTarget "test" */ = {
			isa = XCConfigurationList;
			buildConfigurations = (
				A7CB73BE1A94580900AAEA32 /* Debug */,
				A7CB73BF1A94580900AAEA32 /* Release */,
			);
			defaultConfigurationIsVisible = 0;
		};
		A7CB73C01A94580900AAEA32 /* Build configuration list for PBXNativeTarget "testTests" */ = {
			isa = XCConfigurationList;
			buildConfigurations = (
				A7CB73C11A94580900AAEA32 /* Debug */,
				A7CB73C21A94580900AAEA32 /* Release */,
			);
			defaultConfigurationIsVisible = 0;
		};
/* End XCConfigurationList section */
	};
	rootObject = A7CB73921A94580900AAEA32 /* Project object */;
}
